// !$*UTF8*$!
{
	archiveVersion = 1;
	classes = {
	};
	objectVersion = 46;
	objects = {

/* Begin PBXBuildFile section */
		AB8243B61F5A0B0900A8BAC5 /* BookDetailController.swift in Sources */ = {isa = PBXBuildFile; fileRef = AB8243B51F5A0B0900A8BAC5 /* BookDetailController.swift */; };
		AB8243B81F5A14B400A8BAC5 /* EditBookController.swift in Sources */ = {isa = PBXBuildFile; fileRef = AB8243B71F5A14B400A8BAC5 /* EditBookController.swift */; };
		AB96EB641F58C0DC00D4C723 /* AppDelegate.swift in Sources */ = {isa = PBXBuildFile; fileRef = AB96EB631F58C0DC00D4C723 /* AppDelegate.swift */; };
		AB96EB6B1F58C0DC00D4C723 /* Assets.xcassets in Resources */ = {isa = PBXBuildFile; fileRef = AB96EB6A1F58C0DC00D4C723 /* Assets.xcassets */; };
		AB96EB6E1F58C0DC00D4C723 /* LaunchScreen.storyboard in Resources */ = {isa = PBXBuildFile; fileRef = AB96EB6C1F58C0DC00D4C723 /* LaunchScreen.storyboard */; };
		AB96EB7B1F58C93600D4C723 /* Main.storyboard in Resources */ = {isa = PBXBuildFile; fileRef = AB96EB7A1F58C93600D4C723 /* Main.storyboard */; };
		AB96EB7D1F59BBAC00D4C723 /* ReadingListController.swift in Sources */ = {isa = PBXBuildFile; fileRef = AB96EB7C1F59BBAC00D4C723 /* ReadingListController.swift */; };
		ABBE9D631F59FDFB009F363B /* Author.swift in Sources */ = {isa = PBXBuildFile; fileRef = ABBE9D5A1F59FDFB009F363B /* Author.swift */; };
		ABBE9D641F59FDFB009F363B /* Book.swift in Sources */ = {isa = PBXBuildFile; fileRef = ABBE9D5B1F59FDFB009F363B /* Book.swift */; };
		ABBE9D651F59FDFB009F363B /* BooksAndAuthors.plist in Resources */ = {isa = PBXBuildFile; fileRef = ABBE9D5C1F59FDFB009F363B /* BooksAndAuthors.plist */; };
		ABBE9D661F59FDFB009F363B /* Info.plist in Resources */ = {isa = PBXBuildFile; fileRef = ABBE9D5D1F59FDFB009F363B /* Info.plist */; };
		ABBE9D671F59FDFB009F363B /* ModelObject.swift in Sources */ = {isa = PBXBuildFile; fileRef = ABBE9D5E1F59FDFB009F363B /* ModelObject.swift */; };
		ABBE9D681F59FDFB009F363B /* ReadingList.swift in Sources */ = {isa = PBXBuildFile; fileRef = ABBE9D5F1F59FDFB009F363B /* ReadingList.swift */; };
		ABBE9D691F59FDFB009F363B /* ReadingListStore.swift in Sources */ = {isa = PBXBuildFile; fileRef = ABBE9D611F59FDFB009F363B /* ReadingListStore.swift */; };
/* End PBXBuildFile section */

/* Begin PBXFileReference section */
		AB8243B51F5A0B0900A8BAC5 /* BookDetailController.swift */ = {isa = PBXFileReference; fileEncoding = 4; lastKnownFileType = sourcecode.swift; path = BookDetailController.swift; sourceTree = "<group>"; };
		AB8243B71F5A14B400A8BAC5 /* EditBookController.swift */ = {isa = PBXFileReference; fileEncoding = 4; lastKnownFileType = sourcecode.swift; path = EditBookController.swift; sourceTree = "<group>"; };
		AB96EB601F58C0DC00D4C723 /* ReadingList.app */ = {isa = PBXFileReference; explicitFileType = wrapper.application; includeInIndex = 0; path = ReadingList.app; sourceTree = BUILT_PRODUCTS_DIR; };
		AB96EB631F58C0DC00D4C723 /* AppDelegate.swift */ = {isa = PBXFileReference; lastKnownFileType = sourcecode.swift; path = AppDelegate.swift; sourceTree = "<group>"; };
		AB96EB6A1F58C0DC00D4C723 /* Assets.xcassets */ = {isa = PBXFileReference; lastKnownFileType = folder.assetcatalog; path = Assets.xcassets; sourceTree = "<group>"; };
		AB96EB6D1F58C0DC00D4C723 /* Base */ = {isa = PBXFileReference; lastKnownFileType = file.storyboard; name = Base; path = Base.lproj/LaunchScreen.storyboard; sourceTree = "<group>"; };
		AB96EB6F1F58C0DC00D4C723 /* Info.plist */ = {isa = PBXFileReference; lastKnownFileType = text.plist.xml; path = Info.plist; sourceTree = "<group>"; };
		AB96EB7A1F58C93600D4C723 /* Main.storyboard */ = {isa = PBXFileReference; fileEncoding = 4; lastKnownFileType = file.storyboard; path = Main.storyboard; sourceTree = "<group>"; };
		AB96EB7C1F59BBAC00D4C723 /* ReadingListController.swift */ = {isa = PBXFileReference; fileEncoding = 4; lastKnownFileType = sourcecode.swift; path = ReadingListController.swift; sourceTree = "<group>"; };
		ABBE9D5A1F59FDFB009F363B /* Author.swift */ = {isa = PBXFileReference; fileEncoding = 4; lastKnownFileType = sourcecode.swift; path = Author.swift; sourceTree = "<group>"; };
		ABBE9D5B1F59FDFB009F363B /* Book.swift */ = {isa = PBXFileReference; fileEncoding = 4; lastKnownFileType = sourcecode.swift; path = Book.swift; sourceTree = "<group>"; };
		ABBE9D5C1F59FDFB009F363B /* BooksAndAuthors.plist */ = {isa = PBXFileReference; lastKnownFileType = text.plist; path = BooksAndAuthors.plist; sourceTree = "<group>"; };
		ABBE9D5D1F59FDFB009F363B /* Info.plist */ = {isa = PBXFileReference; fileEncoding = 4; lastKnownFileType = text.plist.xml; path = Info.plist; sourceTree = "<group>"; };
		ABBE9D5E1F59FDFB009F363B /* ModelObject.swift */ = {isa = PBXFileReference; fileEncoding = 4; lastKnownFileType = sourcecode.swift; path = ModelObject.swift; sourceTree = "<group>"; };
		ABBE9D5F1F59FDFB009F363B /* ReadingList.swift */ = {isa = PBXFileReference; fileEncoding = 4; lastKnownFileType = sourcecode.swift; path = ReadingList.swift; sourceTree = "<group>"; };
		ABBE9D601F59FDFB009F363B /* ReadingListModel.h */ = {isa = PBXFileReference; fileEncoding = 4; lastKnownFileType = sourcecode.c.h; path = ReadingListModel.h; sourceTree = "<group>"; };
		ABBE9D611F59FDFB009F363B /* ReadingListStore.swift */ = {isa = PBXFileReference; fileEncoding = 4; lastKnownFileType = sourcecode.swift; path = ReadingListStore.swift; sourceTree = "<group>"; };
/* End PBXFileReference section */

/* Begin PBXFrameworksBuildPhase section */
		AB96EB5D1F58C0DC00D4C723 /* Frameworks */ = {
			isa = PBXFrameworksBuildPhase;
			buildActionMask = 2147483647;
			files = (
			);
			runOnlyForDeploymentPostprocessing = 0;
		};
/* End PBXFrameworksBuildPhase section */

/* Begin PBXGroup section */
		AB96EB571F58C0DC00D4C723 = {
			isa = PBXGroup;
			children = (
				ABBE9D621F59FDFB009F363B /* ReadingListModel */,
				AB96EB621F58C0DC00D4C723 /* ReadingList */,
				AB96EB611F58C0DC00D4C723 /* Products */,
			);
			sourceTree = "<group>";
		};
		AB96EB611F58C0DC00D4C723 /* Products */ = {
			isa = PBXGroup;
			children = (
				AB96EB601F58C0DC00D4C723 /* ReadingList.app */,
			);
			name = Products;
			sourceTree = "<group>";
		};
		AB96EB621F58C0DC00D4C723 /* ReadingList */ = {
			isa = PBXGroup;
			children = (
				AB96EB631F58C0DC00D4C723 /* AppDelegate.swift */,
				AB96EB7C1F59BBAC00D4C723 /* ReadingListController.swift */,
				AB8243B51F5A0B0900A8BAC5 /* BookDetailController.swift */,
				AB8243B71F5A14B400A8BAC5 /* EditBookController.swift */,
				AB96EB6A1F58C0DC00D4C723 /* Assets.xcassets */,
				AB96EB6C1F58C0DC00D4C723 /* LaunchScreen.storyboard */,
				AB96EB6F1F58C0DC00D4C723 /* Info.plist */,
				AB96EB7A1F58C93600D4C723 /* Main.storyboard */,
			);
			path = ReadingList;
			sourceTree = "<group>";
		};
		ABBE9D621F59FDFB009F363B /* ReadingListModel */ = {
			isa = PBXGroup;
			children = (
				ABBE9D5A1F59FDFB009F363B /* Author.swift */,
				ABBE9D5B1F59FDFB009F363B /* Book.swift */,
				ABBE9D5C1F59FDFB009F363B /* BooksAndAuthors.plist */,
				ABBE9D5D1F59FDFB009F363B /* Info.plist */,
				ABBE9D5E1F59FDFB009F363B /* ModelObject.swift */,
				ABBE9D5F1F59FDFB009F363B /* ReadingList.swift */,
				ABBE9D601F59FDFB009F363B /* ReadingListModel.h */,
				ABBE9D611F59FDFB009F363B /* ReadingListStore.swift */,
			);
			name = ReadingListModel;
			path = ../ReadingListModel;
			sourceTree = "<group>";
		};
/* End PBXGroup section */

/* Begin PBXNativeTarget section */
		AB96EB5F1F58C0DC00D4C723 /* ReadingList */ = {
			isa = PBXNativeTarget;
			buildConfigurationList = AB96EB721F58C0DC00D4C723 /* Build configuration list for PBXNativeTarget "ReadingList" */;
			buildPhases = (
				AB96EB5C1F58C0DC00D4C723 /* Sources */,
				AB96EB5D1F58C0DC00D4C723 /* Frameworks */,
				AB96EB5E1F58C0DC00D4C723 /* Resources */,
			);
			buildRules = (
			);
			dependencies = (
			);
			name = ReadingList;
			productName = ReadingList;
			productReference = AB96EB601F58C0DC00D4C723 /* ReadingList.app */;
			productType = "com.apple.product-type.application";
		};
/* End PBXNativeTarget section */

/* Begin PBXProject section */
		AB96EB581F58C0DC00D4C723 /* Project object */ = {
			isa = PBXProject;
			attributes = {
				LastSwiftUpdateCheck = 0830;
				LastUpgradeCheck = 0830;
				ORGANIZATIONNAME = "About Objects";
				TargetAttributes = {
					AB96EB5F1F58C0DC00D4C723 = {
						CreatedOnToolsVersion = 8.3.3;
						DevelopmentTeam = 7J7LD9SB6Q;
						ProvisioningStyle = Automatic;
					};
				};
			};
			buildConfigurationList = AB96EB5B1F58C0DC00D4C723 /* Build configuration list for PBXProject "ReadingList" */;
			compatibilityVersion = "Xcode 3.2";
			developmentRegion = English;
			hasScannedForEncodings = 0;
			knownRegions = (
				en,
				Base,
			);
			mainGroup = AB96EB571F58C0DC00D4C723;
			productRefGroup = AB96EB611F58C0DC00D4C723 /* Products */;
			projectDirPath = "";
			projectRoot = "";
			targets = (
				AB96EB5F1F58C0DC00D4C723 /* ReadingList */,
			);
		};
/* End PBXProject section */

/* Begin PBXResourcesBuildPhase section */
		AB96EB5E1F58C0DC00D4C723 /* Resources */ = {
			isa = PBXResourcesBuildPhase;
			buildActionMask = 2147483647;
			files = (
				AB96EB7B1F58C93600D4C723 /* Main.storyboard in Resources */,
				AB96EB6E1F58C0DC00D4C723 /* LaunchScreen.storyboard in Resources */,
				ABBE9D651F59FDFB009F363B /* BooksAndAuthors.plist in Resources */,
				ABBE9D661F59FDFB009F363B /* Info.plist in Resources */,
				AB96EB6B1F58C0DC00D4C723 /* Assets.xcassets in Resources */,
			);
			runOnlyForDeploymentPostprocessing = 0;
		};
/* End PBXResourcesBuildPhase section */

/* Begin PBXSourcesBuildPhase section */
		AB96EB5C1F58C0DC00D4C723 /* Sources */ = {
			isa = PBXSourcesBuildPhase;
			buildActionMask = 2147483647;
			files = (
				ABBE9D641F59FDFB009F363B /* Book.swift in Sources */,
				ABBE9D691F59FDFB009F363B /* ReadingListStore.swift in Sources */,
				ABBE9D631F59FDFB009F363B /* Author.swift in Sources */,
				ABBE9D681F59FDFB009F363B /* ReadingList.swift in Sources */,
				AB96EB7D1F59BBAC00D4C723 /* ReadingListController.swift in Sources */,
				ABBE9D671F59FDFB009F363B /* ModelObject.swift in Sources */,
				AB96EB641F58C0DC00D4C723 /* AppDelegate.swift in Sources */,
				AB8243B81F5A14B400A8BAC5 /* EditBookController.swift in Sources */,
				AB8243B61F5A0B0900A8BAC5 /* BookDetailController.swift in Sources */,
			);
			runOnlyForDeploymentPostprocessing = 0;
		};
/* End PBXSourcesBuildPhase section */

/* Begin PBXVariantGroup section */
		AB96EB6C1F58C0DC00D4C723 /* LaunchScreen.storyboard */ = {
			isa = PBXVariantGroup;
			children = (
				AB96EB6D1F58C0DC00D4C723 /* Base */,
			);
			name = LaunchScreen.storyboard;
			sourceTree = "<group>";
		};
/* End PBXVariantGroup section */

/* Begin XCBuildConfiguration section */
		AB96EB701F58C0DC00D4C723 /* Debug */ = {
			isa = XCBuildConfiguration;
			buildSettings = {
				ALWAYS_SEARCH_USER_PATHS = NO;
				CLANG_ANALYZER_NONNULL = YES;
				CLANG_ANALYZER_NUMBER_OBJECT_CONVERSION = YES_AGGRESSIVE;
				CLANG_CXX_LANGUAGE_STANDARD = "gnu++0x";
				CLANG_CXX_LIBRARY = "libc++";
				CLANG_ENABLE_MODULES = YES;
				CLANG_ENABLE_OBJC_ARC = YES;
				CLANG_WARN_BOOL_CONVERSION = YES;
				CLANG_WARN_CONSTANT_CONVERSION = YES;
				CLANG_WARN_DIRECT_OBJC_ISA_USAGE = YES_ERROR;
				CLANG_WARN_DOCUMENTATION_COMMENTS = YES;
				CLANG_WARN_EMPTY_BODY = YES;
				CLANG_WARN_ENUM_CONVERSION = YES;
				CLANG_WARN_INFINITE_RECURSION = YES;
				CLANG_WARN_INT_CONVERSION = YES;
				CLANG_WARN_OBJC_ROOT_CLASS = YES_ERROR;
				CLANG_WARN_SUSPICIOUS_MOVE = YES;
				CLANG_WARN_UNREACHABLE_CODE = YES;
				CLANG_WARN__DUPLICATE_METHOD_MATCH = YES;
				"CODE_SIGN_IDENTITY[sdk=iphoneos*]" = "iPhone Developer";
				COPY_PHASE_STRIP = NO;
				DEBUG_INFORMATION_FORMAT = dwarf;
				ENABLE_STRICT_OBJC_MSGSEND = YES;
				ENABLE_TESTABILITY = YES;
				GCC_C_LANGUAGE_STANDARD = gnu99;
				GCC_DYNAMIC_NO_PIC = NO;
				GCC_NO_COMMON_BLOCKS = YES;
				GCC_OPTIMIZATION_LEVEL = 0;
				GCC_PREPROCESSOR_DEFINITIONS = (
					"DEBUG=1",
					"$(inherited)",
				);
				GCC_WARN_64_TO_32_BIT_CONVERSION = YES;
				GCC_WARN_ABOUT_RETURN_TYPE = YES_ERROR;
				GCC_WARN_UNDECLARED_SELECTOR = YES;
				GCC_WARN_UNINITIALIZED_AUTOS = YES_AGGRESSIVE;
				GCC_WARN_UNUSED_FUNCTION = YES;
				GCC_WARN_UNUSED_VARIABLE = YES;
				IPHONEOS_DEPLOYMENT_TARGET = 10.3;
				MTL_ENABLE_DEBUG_INFO = YES;
				ONLY_ACTIVE_ARCH = YES;
				SDKROOT = iphoneos;
				SWIFT_ACTIVE_COMPILATION_CONDITIONS = DEBUG;
				SWIFT_OPTIMIZATION_LEVEL = "-Onone";
				TARGETED_DEVICE_FAMILY = "1,2";
			};
			name = Debug;
		};
		AB96EB711F58C0DC00D4C723 /* Release */ = {
			isa = XCBuildConfiguration;
			buildSettings = {
				ALWAYS_SEARCH_USER_PATHS = NO;
				CLANG_ANALYZER_NONNULL = YES;
				CLANG_ANALYZER_NUMBER_OBJECT_CONVERSION = YES_AGGRESSIVE;
				CLANG_CXX_LANGUAGE_STANDARD = "gnu++0x";
				CLANG_CXX_LIBRARY = "libc++";
				CLANG_ENABLE_MODULES = YES;
				CLANG_ENABLE_OBJC_ARC = YES;
				CLANG_WARN_BOOL_CONVERSION = YES;
				CLANG_WARN_CONSTANT_CONVERSION = YES;
				CLANG_WARN_DIRECT_OBJC_ISA_USAGE = YES_ERROR;
				CLANG_WARN_DOCUMENTATION_COMMENTS = YES;
				CLANG_WARN_EMPTY_BODY = YES;
				CLANG_WARN_ENUM_CONVERSION = YES;
				CLANG_WARN_INFINITE_RECURSION = YES;
				CLANG_WARN_INT_CONVERSION = YES;
				CLANG_WARN_OBJC_ROOT_CLASS = YES_ERROR;
				CLANG_WARN_SUSPICIOUS_MOVE = YES;
				CLANG_WARN_UNREACHABLE_CODE = YES;
				CLANG_WARN__DUPLICATE_METHOD_MATCH = YES;
				"CODE_SIGN_IDENTITY[sdk=iphoneos*]" = "iPhone Developer";
				COPY_PHASE_STRIP = NO;
				DEBUG_INFORMATION_FORMAT = "dwarf-with-dsym";
				ENABLE_NS_ASSERTIONS = NO;
				ENABLE_STRICT_OBJC_MSGSEND = YES;
				GCC_C_LANGUAGE_STANDARD = gnu99;
				GCC_NO_COMMON_BLOCKS = YES;
				GCC_WARN_64_TO_32_BIT_CONVERSION = YES;
				GCC_WARN_ABOUT_RETURN_TYPE = YES_ERROR;
				GCC_WARN_UNDECLARED_SELECTOR = YES;
				GCC_WARN_UNINITIALIZED_AUTOS = YES_AGGRESSIVE;
				GCC_WARN_UNUSED_FUNCTION = YES;
				GCC_WARN_UNUSED_VARIABLE = YES;
				IPHONEOS_DEPLOYMENT_TARGET = 10.3;
				MTL_ENABLE_DEBUG_INFO = NO;
				SDKROOT = iphoneos;
				SWIFT_OPTIMIZATION_LEVEL = "-Owholemodule";
				TARGETED_DEVICE_FAMILY = "1,2";
				VALIDATE_PRODUCT = YES;
			};
			name = Release;
		};
		AB96EB731F58C0DC00D4C723 /* Debug */ = {
			isa = XCBuildConfiguration;
			buildSettings = {
				ASSETCATALOG_COMPILER_APPICON_NAME = AppIcon;
				DEVELOPMENT_TEAM = 7J7LD9SB6Q;
				INFOPLIST_FILE = ReadingList/Info.plist;
				LD_RUNPATH_SEARCH_PATHS = "$(inherited) @executable_path/Frameworks";
				PRODUCT_BUNDLE_IDENTIFIER = com.aboutobjects.ReadingList;
				PRODUCT_NAME = "$(TARGET_NAME)";
				SWIFT_VERSION = 3.0;
			};
			name = Debug;
		};
		AB96EB741F58C0DC00D4C723 /* Release */ = {
			isa = XCBuildConfiguration;
			buildSettings = {
				ASSETCATALOG_COMPILER_APPICON_NAME = AppIcon;
				DEVELOPMENT_TEAM = 7J7LD9SB6Q;
				INFOPLIST_FILE = ReadingList/Info.plist;
				LD_RUNPATH_SEARCH_PATHS = "$(inherited) @executable_path/Frameworks";
				PRODUCT_BUNDLE_IDENTIFIER = com.aboutobjects.ReadingList;
				PRODUCT_NAME = "$(TARGET_NAME)";
				SWIFT_VERSION = 3.0;
			};
			name = Release;
		};
/* End XCBuildConfiguration section */

/* Begin XCConfigurationList section */
		AB96EB5B1F58C0DC00D4C723 /* Build configuration list for PBXProject "ReadingList" */ = {
			isa = XCConfigurationList;
			buildConfigurations = (
				AB96EB701F58C0DC00D4C723 /* Debug */,
				AB96EB711F58C0DC00D4C723 /* Release */,
			);
			defaultConfigurationIsVisible = 0;
			defaultConfigurationName = Release;
		};
		AB96EB721F58C0DC00D4C723 /* Build configuration list for PBXNativeTarget "ReadingList" */ = {
			isa = XCConfigurationList;
			buildConfigurations = (
				AB96EB731F58C0DC00D4C723 /* Debug */,
				AB96EB741F58C0DC00D4C723 /* Release */,
			);
			defaultConfigurationIsVisible = 0;
			defaultConfigurationName = Release;
		};
/* End XCConfigurationList section */
	};
	rootObject = AB96EB581F58C0DC00D4C723 /* Project object */;
}
