// !$*UTF8*$!
{
	archiveVersion = 1;
	classes = {
	};
	objectVersion = 46;
	objects = {

/* Begin PBXBuildFile section */
		ABACEA261F51CF9E00B437EE /* main.swift in Sources */ = {isa = PBXBuildFile; fileRef = ABACEA251F51CF9E00B437EE /* main.swift */; };
		ABACEA3A1F51D9F400B437EE /* TemperatureConversionTests.swift in Sources */ = {isa = PBXBuildFile; fileRef = ABACEA391F51D9F400B437EE /* TemperatureConversionTests.swift */; };
/* End PBXBuildFile section */

/* Begin PBXCopyFilesBuildPhase section */
		ABACEA201F51CF9E00B437EE /* CopyFiles */ = {
			isa = PBXCopyFilesBuildPhase;
			buildActionMask = 2147483647;
			dstPath = /usr/share/man/man1/;
			dstSubfolderSpec = 0;
			files = (
			);
			runOnlyForDeploymentPostprocessing = 1;
		};
/* End PBXCopyFilesBuildPhase section */

/* Begin PBXFileReference section */
		ABACEA221F51CF9E00B437EE /* Lab Exercises */ = {isa = PBXFileReference; explicitFileType = "compiled.mach-o.executable"; includeInIndex = 0; path = "Lab Exercises"; sourceTree = BUILT_PRODUCTS_DIR; };
		ABACEA251F51CF9E00B437EE /* main.swift */ = {isa = PBXFileReference; lastKnownFileType = sourcecode.swift; path = main.swift; sourceTree = "<group>"; };
		ABACEA311F51D7D700B437EE /* UnitTests.xctest */ = {isa = PBXFileReference; explicitFileType = wrapper.cfbundle; includeInIndex = 0; path = UnitTests.xctest; sourceTree = BUILT_PRODUCTS_DIR; };
		ABACEA351F51D7D700B437EE /* Info.plist */ = {isa = PBXFileReference; lastKnownFileType = text.plist.xml; path = Info.plist; sourceTree = "<group>"; };
		ABACEA391F51D9F400B437EE /* TemperatureConversionTests.swift */ = {isa = PBXFileReference; fileEncoding = 4; lastKnownFileType = sourcecode.swift; path = TemperatureConversionTests.swift; sourceTree = "<group>"; };
/* End PBXFileReference section */

/* Begin PBXFrameworksBuildPhase section */
		ABACEA1F1F51CF9E00B437EE /* Frameworks */ = {
			isa = PBXFrameworksBuildPhase;
			buildActionMask = 2147483647;
			files = (
			);
			runOnlyForDeploymentPostprocessing = 0;
		};
		ABACEA2E1F51D7D700B437EE /* Frameworks */ = {
			isa = PBXFrameworksBuildPhase;
			buildActionMask = 2147483647;
			files = (
			);
			runOnlyForDeploymentPostprocessing = 0;
		};
/* End PBXFrameworksBuildPhase section */

/* Begin PBXGroup section */
		ABACEA191F51CF9E00B437EE = {
			isa = PBXGroup;
			children = (
				ABACEA241F51CF9E00B437EE /* Lab Exercises */,
				ABACEA321F51D7D700B437EE /* UnitTests */,
				ABACEA231F51CF9E00B437EE /* Products */,
			);
			sourceTree = "<group>";
		};
		ABACEA231F51CF9E00B437EE /* Products */ = {
			isa = PBXGroup;
			children = (
				ABACEA221F51CF9E00B437EE /* Lab Exercises */,
				ABACEA311F51D7D700B437EE /* UnitTests.xctest */,
			);
			name = Products;
			sourceTree = "<group>";
		};
		ABACEA241F51CF9E00B437EE /* Lab Exercises */ = {
			isa = PBXGroup;
			children = (
				ABACEA251F51CF9E00B437EE /* main.swift */,
			);
			path = "Lab Exercises";
			sourceTree = "<group>";
		};
		ABACEA321F51D7D700B437EE /* UnitTests */ = {
			isa = PBXGroup;
			children = (
				ABACEA351F51D7D700B437EE /* Info.plist */,
				ABACEA391F51D9F400B437EE /* TemperatureConversionTests.swift */,
			);
			path = UnitTests;
			sourceTree = "<group>";
		};
/* End PBXGroup section */

/* Begin PBXNativeTarget section */
		ABACEA211F51CF9E00B437EE /* Lab Exercises */ = {
			isa = PBXNativeTarget;
			buildConfigurationList = ABACEA291F51CF9E00B437EE /* Build configuration list for PBXNativeTarget "Lab Exercises" */;
			buildPhases = (
				ABACEA1E1F51CF9E00B437EE /* Sources */,
				ABACEA1F1F51CF9E00B437EE /* Frameworks */,
				ABACEA201F51CF9E00B437EE /* CopyFiles */,
			);
			buildRules = (
			);
			dependencies = (
			);
			name = "Lab Exercises";
			productName = "Lab Exercises";
			productReference = ABACEA221F51CF9E00B437EE /* Lab Exercises */;
			productType = "com.apple.product-type.tool";
		};
		ABACEA301F51D7D700B437EE /* UnitTests */ = {
			isa = PBXNativeTarget;
			buildConfigurationList = ABACEA361F51D7D700B437EE /* Build configuration list for PBXNativeTarget "UnitTests" */;
			buildPhases = (
				ABACEA2D1F51D7D700B437EE /* Sources */,
				ABACEA2E1F51D7D700B437EE /* Frameworks */,
				ABACEA2F1F51D7D700B437EE /* Resources */,
			);
			buildRules = (
			);
			dependencies = (
			);
			name = UnitTests;
			productName = UnitTests;
			productReference = ABACEA311F51D7D700B437EE /* UnitTests.xctest */;
			productType = "com.apple.product-type.bundle.unit-test";
		};
/* End PBXNativeTarget section */

/* Begin PBXProject section */
		ABACEA1A1F51CF9E00B437EE /* Project object */ = {
			isa = PBXProject;
			attributes = {
				LastSwiftUpdateCheck = 0830;
				LastUpgradeCheck = 0830;
				ORGANIZATIONNAME = "About Objects";
				TargetAttributes = {
					ABACEA211F51CF9E00B437EE = {
						CreatedOnToolsVersion = 8.3.3;
						DevelopmentTeam = 7J7LD9SB6Q;
						ProvisioningStyle = Automatic;
					};
					ABACEA301F51D7D700B437EE = {
						CreatedOnToolsVersion = 8.3.3;
						DevelopmentTeam = 7J7LD9SB6Q;
						LastSwiftMigration = 0830;
						ProvisioningStyle = Automatic;
					};
				};
			};
			buildConfigurationList = ABACEA1D1F51CF9E00B437EE /* Build configuration list for PBXProject "Lab Exercises" */;
			compatibilityVersion = "Xcode 3.2";
			developmentRegion = English;
			hasScannedForEncodings = 0;
			knownRegions = (
				en,
			);
			mainGroup = ABACEA191F51CF9E00B437EE;
			productRefGroup = ABACEA231F51CF9E00B437EE /* Products */;
			projectDirPath = "";
			projectRoot = "";
			targets = (
				ABACEA211F51CF9E00B437EE /* Lab Exercises */,
				ABACEA301F51D7D700B437EE /* UnitTests */,
			);
		};
/* End PBXProject section */

/* Begin PBXResourcesBuildPhase section */
		ABACEA2F1F51D7D700B437EE /* Resources */ = {
			isa = PBXResourcesBuildPhase;
			buildActionMask = 2147483647;
			files = (
			);
			runOnlyForDeploymentPostprocessing = 0;
		};
/* End PBXResourcesBuildPhase section */

/* Begin PBXSourcesBuildPhase section */
		ABACEA1E1F51CF9E00B437EE /* Sources */ = {
			isa = PBXSourcesBuildPhase;
			buildActionMask = 2147483647;
			files = (
				ABACEA261F51CF9E00B437EE /* main.swift in Sources */,
			);
			runOnlyForDeploymentPostprocessing = 0;
		};
		ABACEA2D1F51D7D700B437EE /* Sources */ = {
			isa = PBXSourcesBuildPhase;
			buildActionMask = 2147483647;
			files = (
				ABACEA3A1F51D9F400B437EE /* TemperatureConversionTests.swift in Sources */,
			);
			runOnlyForDeploymentPostprocessing = 0;
		};
/* End PBXSourcesBuildPhase section */

/* Begin XCBuildConfiguration section */
		ABACEA271F51CF9E00B437EE /* Debug */ = {
			isa = XCBuildConfiguration;
			buildSettings = {
				ALWAYS_SEARCH_USER_PATHS = NO;
				CLANG_ANALYZER_NONNULL = YES;
				CLANG_ANALYZER_NUMBER_OBJECT_CONVERSION = YES_AGGRESSIVE;
				CLANG_CXX_LANGUAGE_STANDARD = "gnu++0x";
				CLANG_CXX_LIBRARY = "libc++";
				CLANG_ENABLE_MODULES = YES;
				CLANG_ENABLE_OBJC_ARC = YES;
				CLANG_WARN_BOOL_CONVERSION = YES;
				CLANG_WARN_CONSTANT_CONVERSION = YES;
				CLANG_WARN_DIRECT_OBJC_ISA_USAGE = YES_ERROR;
				CLANG_WARN_DOCUMENTATION_COMMENTS = YES;
				CLANG_WARN_EMPTY_BODY = YES;
				CLANG_WARN_ENUM_CONVERSION = YES;
				CLANG_WARN_INFINITE_RECURSION = YES;
				CLANG_WARN_INT_CONVERSION = YES;
				CLANG_WARN_OBJC_ROOT_CLASS = YES_ERROR;
				CLANG_WARN_SUSPICIOUS_MOVE = YES;
				CLANG_WARN_UNREACHABLE_CODE = YES;
				CLANG_WARN__DUPLICATE_METHOD_MATCH = YES;
				CODE_SIGN_IDENTITY = "-";
				COPY_PHASE_STRIP = NO;
				DEBUG_INFORMATION_FORMAT = dwarf;
				ENABLE_STRICT_OBJC_MSGSEND = YES;
				ENABLE_TESTABILITY = YES;
				GCC_C_LANGUAGE_STANDARD = gnu99;
				GCC_DYNAMIC_NO_PIC = NO;
				GCC_NO_COMMON_BLOCKS = YES;
				GCC_OPTIMIZATION_LEVEL = 0;
				GCC_PREPROCESSOR_DEFINITIONS = (
					"DEBUG=1",
					"$(inherited)",
				);
				GCC_WARN_64_TO_32_BIT_CONVERSION = YES;
				GCC_WARN_ABOUT_RETURN_TYPE = YES_ERROR;
				GCC_WARN_UNDECLARED_SELECTOR = YES;
				GCC_WARN_UNINITIALIZED_AUTOS = YES_AGGRESSIVE;
				GCC_WARN_UNUSED_FUNCTION = YES;
				GCC_WARN_UNUSED_VARIABLE = YES;
				MACOSX_DEPLOYMENT_TARGET = 10.12;
				MTL_ENABLE_DEBUG_INFO = YES;
				ONLY_ACTIVE_ARCH = YES;
				SDKROOT = macosx;
				SWIFT_OPTIMIZATION_LEVEL = "-Onone";
			};
			name = Debug;
		};
		ABACEA281F51CF9E00B437EE /* Release */ = {
			isa = XCBuildConfiguration;
			buildSettings = {
				ALWAYS_SEARCH_USER_PATHS = NO;
				CLANG_ANALYZER_NONNULL = YES;
				CLANG_ANALYZER_NUMBER_OBJECT_CONVERSION = YES_AGGRESSIVE;
				CLANG_CXX_LANGUAGE_STANDARD = "gnu++0x";
				CLANG_CXX_LIBRARY = "libc++";
				CLANG_ENABLE_MODULES = YES;
				CLANG_ENABLE_OBJC_ARC = YES;
				CLANG_WARN_BOOL_CONVERSION = YES;
				CLANG_WARN_CONSTANT_CONVERSION = YES;
				CLANG_WARN_DIRECT_OBJC_ISA_USAGE = YES_ERROR;
				CLANG_WARN_DOCUMENTATION_COMMENTS = YES;
				CLANG_WARN_EMPTY_BODY = YES;
				CLANG_WARN_ENUM_CONVERSION = YES;
				CLANG_WARN_INFINITE_RECURSION = YES;
				CLANG_WARN_INT_CONVERSION = YES;
				CLANG_WARN_OBJC_ROOT_CLASS = YES_ERROR;
				CLANG_WARN_SUSPICIOUS_MOVE = YES;
				CLANG_WARN_UNREACHABLE_CODE = YES;
				CLANG_WARN__DUPLICATE_METHOD_MATCH = YES;
				CODE_SIGN_IDENTITY = "-";
				COPY_PHASE_STRIP = NO;
				DEBUG_INFORMATION_FORMAT = "dwarf-with-dsym";
				ENABLE_NS_ASSERTIONS = NO;
				ENABLE_STRICT_OBJC_MSGSEND = YES;
				GCC_C_LANGUAGE_STANDARD = gnu99;
				GCC_NO_COMMON_BLOCKS = YES;
				GCC_WARN_64_TO_32_BIT_CONVERSION = YES;
				GCC_WARN_ABOUT_RETURN_TYPE = YES_ERROR;
				GCC_WARN_UNDECLARED_SELECTOR = YES;
				GCC_WARN_UNINITIALIZED_AUTOS = YES_AGGRESSIVE;
				GCC_WARN_UNUSED_FUNCTION = YES;
				GCC_WARN_UNUSED_VARIABLE = YES;
				MACOSX_DEPLOYMENT_TARGET = 10.12;
				MTL_ENABLE_DEBUG_INFO = NO;
				SDKROOT = macosx;
			};
			name = Release;
		};
		ABACEA2A1F51CF9E00B437EE /* Debug */ = {
			isa = XCBuildConfiguration;
			buildSettings = {
				DEVELOPMENT_TEAM = 7J7LD9SB6Q;
				PRODUCT_NAME = "$(TARGET_NAME)";
				SWIFT_VERSION = 3.0;
			};
			name = Debug;
		};
		ABACEA2B1F51CF9E00B437EE /* Release */ = {
			isa = XCBuildConfiguration;
			buildSettings = {
				DEVELOPMENT_TEAM = 7J7LD9SB6Q;
				PRODUCT_NAME = "$(TARGET_NAME)";
				SWIFT_VERSION = 3.0;
			};
			name = Release;
		};
		ABACEA371F51D7D700B437EE /* Debug */ = {
			isa = XCBuildConfiguration;
			buildSettings = {
				CLANG_ENABLE_MODULES = YES;
				COMBINE_HIDPI_IMAGES = YES;
				DEVELOPMENT_TEAM = 7J7LD9SB6Q;
				INFOPLIST_FILE = UnitTests/Info.plist;
				LD_RUNPATH_SEARCH_PATHS = "$(inherited) @executable_path/../Frameworks @loader_path/../Frameworks";
				PRODUCT_BUNDLE_IDENTIFIER = com.aboutobjects.UnitTests;
				PRODUCT_NAME = "$(TARGET_NAME)";
				SWIFT_OPTIMIZATION_LEVEL = "-Onone";
				SWIFT_VERSION = 3.0;
			};
			name = Debug;
		};
		ABACEA381F51D7D700B437EE /* Release */ = {
			isa = XCBuildConfiguration;
			buildSettings = {
				CLANG_ENABLE_MODULES = YES;
				COMBINE_HIDPI_IMAGES = YES;
				DEVELOPMENT_TEAM = 7J7LD9SB6Q;
				INFOPLIST_FILE = UnitTests/Info.plist;
				LD_RUNPATH_SEARCH_PATHS = "$(inherited) @executable_path/../Frameworks @loader_path/../Frameworks";
				PRODUCT_BUNDLE_IDENTIFIER = com.aboutobjects.UnitTests;
				PRODUCT_NAME = "$(TARGET_NAME)";
				SWIFT_VERSION = 3.0;
			};
			name = Release;
		};
/* End XCBuildConfiguration section */

/* Begin XCConfigurationList section */
		ABACEA1D1F51CF9E00B437EE /* Build configuration list for PBXProject "Lab Exercises" */ = {
			isa = XCConfigurationList;
			buildConfigurations = (
				ABACEA271F51CF9E00B437EE /* Debug */,
				ABACEA281F51CF9E00B437EE /* Release */,
			);
			defaultConfigurationIsVisible = 0;
			defaultConfigurationName = Release;
		};
		ABACEA291F51CF9E00B437EE /* Build configuration list for PBXNativeTarget "Lab Exercises" */ = {
			isa = XCConfigurationList;
			buildConfigurations = (
				ABACEA2A1F51CF9E00B437EE /* Debug */,
				ABACEA2B1F51CF9E00B437EE /* Release */,
			);
			defaultConfigurationIsVisible = 0;
		};
		ABACEA361F51D7D700B437EE /* Build configuration list for PBXNativeTarget "UnitTests" */ = {
			isa = XCConfigurationList;
			buildConfigurations = (
				ABACEA371F51D7D700B437EE /* Debug */,
				ABACEA381F51D7D700B437EE /* Release */,
			);
			defaultConfigurationIsVisible = 0;
		};
/* End XCConfigurationList section */
	};
	rootObject = ABACEA1A1F51CF9E00B437EE /* Project object */;
}
